
Microsoft Visual Studio Solution File, Format Version 12.00
# Visual Studio 14
VisualStudioVersion = 14.0.23107.0
MinimumVisualStudioVersion = 10.0.40219.1
Project("{FAE04EC0-301F-11D3-BF4B-00C04F79EFBC}") = "CSharp_6", "CSharp_6\CSharp_6.csproj", "{AC608E80-83CB-47E1-8639-23B066B26AFF}"
EndProject
Project("{FAE04EC0-301F-11D3-BF4B-00C04F79EFBC}") = "CSharp_5", "CSharp_5\CSharp_5.csproj", "{57586C01-5791-42C1-B06E-84194A83F30B}"
EndProject
Global
	GlobalSection(SolutionConfigurationPlatforms) = preSolution
		Debug|Any CPU = Debug|Any CPU
		Release|Any CPU = Release|Any CPU
	EndGlobalSection
	GlobalSection(ProjectConfigurationPlatforms) = postSolution
		{AC608E80-83CB-47E1-8639-23B066B26AFF}.Debug|Any CPU.ActiveCfg = Debug|Any CPU
		{AC608E80-83CB-47E1-8639-23B066B26AFF}.Debug|Any CPU.Build.0 = Debug|Any CPU
		{AC608E80-83CB-47E1-8639-23B066B26AFF}.Release|Any CPU.ActiveCfg = Release|Any CPU
		{AC608E80-83CB-47E1-8639-23B066B26AFF}.Release|Any CPU.Build.0 = Release|Any CPU
		{57586C01-5791-42C1-B06E-84194A83F30B}.Debug|Any CPU.ActiveCfg = Debug|Any CPU
		{57586C01-5791-42C1-B06E-84194A83F30B}.Debug|Any CPU.Build.0 = Debug|Any CPU
		{57586C01-5791-42C1-B06E-84194A83F30B}.Release|Any CPU.ActiveCfg = Release|Any CPU
		{57586C01-5791-42C1-B06E-84194A83F30B}.Release|Any CPU.Build.0 = Release|Any CPU
	EndGlobalSection
	GlobalSection(SolutionProperties) = preSolution
		HideSolutionNode = FALSE
	EndGlobalSection
EndGlobal
